
Microsoft Visual Studio Solution File, Format Version 12.00
# Visual Studio Version 17
VisualStudioVersion = 17.2.32602.215
MinimumVisualStudioVersion = 10.0.40219.1
Project("{FAE04EC0-301F-11D3-BF4B-00C04F79EFBC}") = "Assignment", "Assignment\Assignment.csproj", "{09292B60-1AD7-44A8-9537-24570342C2DC}"
EndProject
Global
	GlobalSection(SolutionConfigurationPlatforms) = preSolution
		Debug|Any CPU = Debug|Any CPU
		Release|Any CPU = Release|Any CPU
	EndGlobalSection
	GlobalSection(ProjectConfigurationPlatforms) = postSolution
		{09292B60-1AD7-44A8-9537-24570342C2DC}.Debug|Any CPU.ActiveCfg = Debug|Any CPU
		{09292B60-1AD7-44A8-9537-24570342C2DC}.Debug|Any CPU.Build.0 = Debug|Any CPU
		{09292B60-1AD7-44A8-9537-24570342C2DC}.Release|Any CPU.ActiveCfg = Release|Any CPU
		{09292B60-1AD7-44A8-9537-24570342C2DC}.Release|Any CPU.Build.0 = Release|Any CPU
	EndGlobalSection
	GlobalSection(SolutionProperties) = preSolution
		HideSolutionNode = FALSE
	EndGlobalSection
	GlobalSection(ExtensibilityGlobals) = postSolution
		SolutionGuid = {818F66E3-0EA9-4624-BA92-029C3A2A8D75}
	EndGlobalSection
EndGlobal
